// !$*UTF8*$!
{
	archiveVersion = 1;
	classes = {
	};
	objectVersion = 55;
	objects = {

/* Begin PBXBuildFile section */
		1E7334ED27CC77D90063BB13 /* AppDelegate.swift in Sources */ = {isa = PBXBuildFile; fileRef = 1E7334EC27CC77D90063BB13 /* AppDelegate.swift */; };
		1E7334F127CC77D90063BB13 /* AnimeViewController.swift in Sources */ = {isa = PBXBuildFile; fileRef = 1E7334F027CC77D90063BB13 /* AnimeViewController.swift */; };
		1E7334F427CC77D90063BB13 /* Main.storyboard in Resources */ = {isa = PBXBuildFile; fileRef = 1E7334F227CC77D90063BB13 /* Main.storyboard */; };
		1E7334F627CC77DA0063BB13 /* Assets.xcassets in Resources */ = {isa = PBXBuildFile; fileRef = 1E7334F527CC77DA0063BB13 /* Assets.xcassets */; };
		1E7334F927CC77DA0063BB13 /* LaunchScreen.storyboard in Resources */ = {isa = PBXBuildFile; fileRef = 1E7334F727CC77DA0063BB13 /* LaunchScreen.storyboard */; };
		1E73350427CC77DB0063BB13 /* GogolookTestTests.swift in Sources */ = {isa = PBXBuildFile; fileRef = 1E73350327CC77DB0063BB13 /* GogolookTestTests.swift */; };
		1E73350E27CC77DB0063BB13 /* GogolookTestUITests.swift in Sources */ = {isa = PBXBuildFile; fileRef = 1E73350D27CC77DB0063BB13 /* GogolookTestUITests.swift */; };
		1E73351027CC77DB0063BB13 /* GogolookTestUITestsLaunchTests.swift in Sources */ = {isa = PBXBuildFile; fileRef = 1E73350F27CC77DB0063BB13 /* GogolookTestUITestsLaunchTests.swift */; };
		1E73352227CC78350063BB13 /* API.swift in Sources */ = {isa = PBXBuildFile; fileRef = 1E73351D27CC78350063BB13 /* API.swift */; };
		1E73352327CC78350063BB13 /* FetchParameter.swift in Sources */ = {isa = PBXBuildFile; fileRef = 1E73351E27CC78350063BB13 /* FetchParameter.swift */; };
		1E73352427CC78350063BB13 /* Errors.swift in Sources */ = {isa = PBXBuildFile; fileRef = 1E73351F27CC78350063BB13 /* Errors.swift */; };
		1E73352527CC78350063BB13 /* URLProcess.swift in Sources */ = {isa = PBXBuildFile; fileRef = 1E73352027CC78350063BB13 /* URLProcess.swift */; };
		1E73352627CC78350063BB13 /* APIFetch.swift in Sources */ = {isa = PBXBuildFile; fileRef = 1E73352127CC78350063BB13 /* APIFetch.swift */; };
		1E73352927CC7C630063BB13 /* APIURLTest.swift in Sources */ = {isa = PBXBuildFile; fileRef = 1E73352827CC7C630063BB13 /* APIURLTest.swift */; };
		1E73352B27CC7D950063BB13 /* AnimeCodable.swift in Sources */ = {isa = PBXBuildFile; fileRef = 1E73352A27CC7D950063BB13 /* AnimeCodable.swift */; };
		1E73352C27CC7D950063BB13 /* AnimeCodable.swift in Sources */ = {isa = PBXBuildFile; fileRef = 1E73352A27CC7D950063BB13 /* AnimeCodable.swift */; };
		1E73352F27CC7F8C0063BB13 /* APIFetchTest.swift in Sources */ = {isa = PBXBuildFile; fileRef = 1E73352E27CC7F8C0063BB13 /* APIFetchTest.swift */; };
		1E73353227CC84670063BB13 /* AnimeViewModel.swift in Sources */ = {isa = PBXBuildFile; fileRef = 1E73353127CC84670063BB13 /* AnimeViewModel.swift */; };
		1E73353327CC84670063BB13 /* AnimeViewModel.swift in Sources */ = {isa = PBXBuildFile; fileRef = 1E73353127CC84670063BB13 /* AnimeViewModel.swift */; };
		1E73353627CC84D70063BB13 /* AnimeAPIManager.swift in Sources */ = {isa = PBXBuildFile; fileRef = 1E73353527CC84D70063BB13 /* AnimeAPIManager.swift */; };
		1E73353727CC84D70063BB13 /* AnimeAPIManager.swift in Sources */ = {isa = PBXBuildFile; fileRef = 1E73353527CC84D70063BB13 /* AnimeAPIManager.swift */; };
		1E73353A27CC877C0063BB13 /* AnimeTableViewCell.swift in Sources */ = {isa = PBXBuildFile; fileRef = 1E73353927CC877C0063BB13 /* AnimeTableViewCell.swift */; };
		1E73353B27CC877C0063BB13 /* AnimeTableViewCell.swift in Sources */ = {isa = PBXBuildFile; fileRef = 1E73353927CC877C0063BB13 /* AnimeTableViewCell.swift */; };
		1E73353E27CC8BED0063BB13 /* UIImageView+Ext.swift in Sources */ = {isa = PBXBuildFile; fileRef = 1E73353C27CC8BED0063BB13 /* UIImageView+Ext.swift */; };
		1E73353F27CC8BED0063BB13 /* UIImageView+Ext.swift in Sources */ = {isa = PBXBuildFile; fileRef = 1E73353C27CC8BED0063BB13 /* UIImageView+Ext.swift */; };
		1E73354027CC8BED0063BB13 /* UIVIewController+Ext.swift in Sources */ = {isa = PBXBuildFile; fileRef = 1E73353D27CC8BED0063BB13 /* UIVIewController+Ext.swift */; };
		1E73354127CC8BED0063BB13 /* UIVIewController+Ext.swift in Sources */ = {isa = PBXBuildFile; fileRef = 1E73353D27CC8BED0063BB13 /* UIVIewController+Ext.swift */; };
		1E73354427CCBA440063BB13 /* AnimeDetailViewController.swift in Sources */ = {isa = PBXBuildFile; fileRef = 1E73354327CCBA440063BB13 /* AnimeDetailViewController.swift */; };
		1EB9C31627CF84DE000756E9 /* String+Ext.swift in Sources */ = {isa = PBXBuildFile; fileRef = 1EB9C31527CF84DE000756E9 /* String+Ext.swift */; };
		1EB9C31727CFA860000756E9 /* Errors.swift in Sources */ = {isa = PBXBuildFile; fileRef = 1E73351F27CC78350063BB13 /* Errors.swift */; };
		1EB9C31827CFA871000756E9 /* FetchParameter.swift in Sources */ = {isa = PBXBuildFile; fileRef = 1E73351E27CC78350063BB13 /* FetchParameter.swift */; };
		1EB9C31927CFA871000756E9 /* URLProcess.swift in Sources */ = {isa = PBXBuildFile; fileRef = 1E73352027CC78350063BB13 /* URLProcess.swift */; };
		1EB9C31A27CFA871000756E9 /* APIFetch.swift in Sources */ = {isa = PBXBuildFile; fileRef = 1E73352127CC78350063BB13 /* APIFetch.swift */; };
		1EB9C31B27CFA871000756E9 /* API.swift in Sources */ = {isa = PBXBuildFile; fileRef = 1E73351D27CC78350063BB13 /* API.swift */; };
		1EB9C31C27CFA88A000756E9 /* String+Ext.swift in Sources */ = {isa = PBXBuildFile; fileRef = 1EB9C31527CF84DE000756E9 /* String+Ext.swift */; };
		1EB9C31D27CFA890000756E9 /* AnimeViewController.swift in Sources */ = {isa = PBXBuildFile; fileRef = 1E7334F027CC77D90063BB13 /* AnimeViewController.swift */; };
		1EB9C31E27CFA890000756E9 /* AnimeDetailViewController.swift in Sources */ = {isa = PBXBuildFile; fileRef = 1E73354327CCBA440063BB13 /* AnimeDetailViewController.swift */; };
		1EB9C31F27CFA893000756E9 /* AppDelegate.swift in Sources */ = {isa = PBXBuildFile; fileRef = 1E7334EC27CC77D90063BB13 /* AppDelegate.swift */; };
		1EB9C32227CFA95C000756E9 /* DownloadImageTest.swift in Sources */ = {isa = PBXBuildFile; fileRef = 1EB9C32027CFA95C000756E9 /* DownloadImageTest.swift */; };
		1EB9C32727CFAC1F000756E9 /* DateStringFormatTest.swift in Sources */ = {isa = PBXBuildFile; fileRef = 1EB9C32527CFAC1F000756E9 /* DateStringFormatTest.swift */; };
		40C322F071051185BA5BCC3F /* Pods_GogolookTests.framework in Frameworks */ = {isa = PBXBuildFile; fileRef = F224F3B998909A5BF8121F92 /* Pods_GogolookTests.framework */; };
		8CB4D0A41D368D1E52C6505F /* Pods_Gogolook.framework in Frameworks */ = {isa = PBXBuildFile; fileRef = 7F51BA6B47931EEFD45E01F1 /* Pods_Gogolook.framework */; };
		B05CBC625E5641E09458E4A9 /* Pods_Gogolook_GogolookUITests.framework in Frameworks */ = {isa = PBXBuildFile; fileRef = 250C1FD3E74109E120B1AE3B /* Pods_Gogolook_GogolookUITests.framework */; };
/* End PBXBuildFile section */

/* Begin PBXContainerItemProxy section */
		1E73350027CC77DB0063BB13 /* PBXContainerItemProxy */ = {
			isa = PBXContainerItemProxy;
			containerPortal = 1E7334E127CC77D90063BB13 /* Project object */;
			proxyType = 1;
			remoteGlobalIDString = 1E7334E827CC77D90063BB13;
			remoteInfo = GogolookTest;
		};
		1E73350A27CC77DB0063BB13 /* PBXContainerItemProxy */ = {
			isa = PBXContainerItemProxy;
			containerPortal = 1E7334E127CC77D90063BB13 /* Project object */;
			proxyType = 1;
			remoteGlobalIDString = 1E7334E827CC77D90063BB13;
			remoteInfo = GogolookTest;
		};
/* End PBXContainerItemProxy section */

/* Begin PBXFileReference section */
		0F5FA04B5348E1D8B286FAA6 /* Pods-Gogolook.debug.xcconfig */ = {isa = PBXFileReference; includeInIndex = 1; lastKnownFileType = text.xcconfig; name = "Pods-Gogolook.debug.xcconfig"; path = "Target Support Files/Pods-Gogolook/Pods-Gogolook.debug.xcconfig"; sourceTree = "<group>"; };
		1E7334E927CC77D90063BB13 /* Gogolook.app */ = {isa = PBXFileReference; explicitFileType = wrapper.application; includeInIndex = 0; path = Gogolook.app; sourceTree = BUILT_PRODUCTS_DIR; };
		1E7334EC27CC77D90063BB13 /* AppDelegate.swift */ = {isa = PBXFileReference; lastKnownFileType = sourcecode.swift; path = AppDelegate.swift; sourceTree = "<group>"; };
		1E7334F027CC77D90063BB13 /* AnimeViewController.swift */ = {isa = PBXFileReference; lastKnownFileType = sourcecode.swift; path = AnimeViewController.swift; sourceTree = "<group>"; };
		1E7334F327CC77D90063BB13 /* Base */ = {isa = PBXFileReference; lastKnownFileType = file.storyboard; name = Base; path = Base.lproj/Main.storyboard; sourceTree = "<group>"; };
		1E7334F527CC77DA0063BB13 /* Assets.xcassets */ = {isa = PBXFileReference; lastKnownFileType = folder.assetcatalog; path = Assets.xcassets; sourceTree = "<group>"; };
		1E7334F827CC77DA0063BB13 /* Base */ = {isa = PBXFileReference; lastKnownFileType = file.storyboard; name = Base; path = Base.lproj/LaunchScreen.storyboard; sourceTree = "<group>"; };
		1E7334FA27CC77DB0063BB13 /* Info.plist */ = {isa = PBXFileReference; lastKnownFileType = text.plist.xml; path = Info.plist; sourceTree = "<group>"; };
		1E7334FF27CC77DB0063BB13 /* GogolookTests.xctest */ = {isa = PBXFileReference; explicitFileType = wrapper.cfbundle; includeInIndex = 0; path = GogolookTests.xctest; sourceTree = BUILT_PRODUCTS_DIR; };
		1E73350327CC77DB0063BB13 /* GogolookTestTests.swift */ = {isa = PBXFileReference; lastKnownFileType = sourcecode.swift; path = GogolookTestTests.swift; sourceTree = "<group>"; };
		1E73350927CC77DB0063BB13 /* GogolookUITests.xctest */ = {isa = PBXFileReference; explicitFileType = wrapper.cfbundle; includeInIndex = 0; path = GogolookUITests.xctest; sourceTree = BUILT_PRODUCTS_DIR; };
		1E73350D27CC77DB0063BB13 /* GogolookTestUITests.swift */ = {isa = PBXFileReference; lastKnownFileType = sourcecode.swift; path = GogolookTestUITests.swift; sourceTree = "<group>"; };
		1E73350F27CC77DB0063BB13 /* GogolookTestUITestsLaunchTests.swift */ = {isa = PBXFileReference; lastKnownFileType = sourcecode.swift; path = GogolookTestUITestsLaunchTests.swift; sourceTree = "<group>"; };
		1E73351D27CC78350063BB13 /* API.swift */ = {isa = PBXFileReference; fileEncoding = 4; lastKnownFileType = sourcecode.swift; path = API.swift; sourceTree = "<group>"; };
		1E73351E27CC78350063BB13 /* FetchParameter.swift */ = {isa = PBXFileReference; fileEncoding = 4; lastKnownFileType = sourcecode.swift; path = FetchParameter.swift; sourceTree = "<group>"; };
		1E73351F27CC78350063BB13 /* Errors.swift */ = {isa = PBXFileReference; fileEncoding = 4; lastKnownFileType = sourcecode.swift; path = Errors.swift; sourceTree = "<group>"; };
		1E73352027CC78350063BB13 /* URLProcess.swift */ = {isa = PBXFileReference; fileEncoding = 4; lastKnownFileType = sourcecode.swift; path = URLProcess.swift; sourceTree = "<group>"; };
		1E73352127CC78350063BB13 /* APIFetch.swift */ = {isa = PBXFileReference; fileEncoding = 4; lastKnownFileType = sourcecode.swift; path = APIFetch.swift; sourceTree = "<group>"; };
		1E73352827CC7C630063BB13 /* APIURLTest.swift */ = {isa = PBXFileReference; lastKnownFileType = sourcecode.swift; path = APIURLTest.swift; sourceTree = "<group>"; };
		1E73352A27CC7D950063BB13 /* AnimeCodable.swift */ = {isa = PBXFileReference; lastKnownFileType = sourcecode.swift; path = AnimeCodable.swift; sourceTree = "<group>"; };
		1E73352E27CC7F8C0063BB13 /* APIFetchTest.swift */ = {isa = PBXFileReference; lastKnownFileType = sourcecode.swift; path = APIFetchTest.swift; sourceTree = "<group>"; };
		1E73353127CC84670063BB13 /* AnimeViewModel.swift */ = {isa = PBXFileReference; lastKnownFileType = sourcecode.swift; path = AnimeViewModel.swift; sourceTree = "<group>"; };
		1E73353527CC84D70063BB13 /* AnimeAPIManager.swift */ = {isa = PBXFileReference; lastKnownFileType = sourcecode.swift; path = AnimeAPIManager.swift; sourceTree = "<group>"; };
		1E73353927CC877C0063BB13 /* AnimeTableViewCell.swift */ = {isa = PBXFileReference; lastKnownFileType = sourcecode.swift; path = AnimeTableViewCell.swift; sourceTree = "<group>"; };
		1E73353C27CC8BED0063BB13 /* UIImageView+Ext.swift */ = {isa = PBXFileReference; fileEncoding = 4; lastKnownFileType = sourcecode.swift; path = "UIImageView+Ext.swift"; sourceTree = "<group>"; };
		1E73353D27CC8BED0063BB13 /* UIVIewController+Ext.swift */ = {isa = PBXFileReference; fileEncoding = 4; lastKnownFileType = sourcecode.swift; path = "UIVIewController+Ext.swift"; sourceTree = "<group>"; };
		1E73354327CCBA440063BB13 /* AnimeDetailViewController.swift */ = {isa = PBXFileReference; lastKnownFileType = sourcecode.swift; path = AnimeDetailViewController.swift; sourceTree = "<group>"; };
		1EB9C31527CF84DE000756E9 /* String+Ext.swift */ = {isa = PBXFileReference; lastKnownFileType = sourcecode.swift; path = "String+Ext.swift"; sourceTree = "<group>"; };
		1EB9C32027CFA95C000756E9 /* DownloadImageTest.swift */ = {isa = PBXFileReference; lastKnownFileType = sourcecode.swift; path = DownloadImageTest.swift; sourceTree = "<group>"; };
		1EB9C32527CFAC1F000756E9 /* DateStringFormatTest.swift */ = {isa = PBXFileReference; lastKnownFileType = sourcecode.swift; path = DateStringFormatTest.swift; sourceTree = "<group>"; };
		250C1FD3E74109E120B1AE3B /* Pods_Gogolook_GogolookUITests.framework */ = {isa = PBXFileReference; explicitFileType = wrapper.framework; includeInIndex = 0; path = Pods_Gogolook_GogolookUITests.framework; sourceTree = BUILT_PRODUCTS_DIR; };
		3C641C03928D74486843EC82 /* Pods-Gogolook-GogolookUITests.debug.xcconfig */ = {isa = PBXFileReference; includeInIndex = 1; lastKnownFileType = text.xcconfig; name = "Pods-Gogolook-GogolookUITests.debug.xcconfig"; path = "Target Support Files/Pods-Gogolook-GogolookUITests/Pods-Gogolook-GogolookUITests.debug.xcconfig"; sourceTree = "<group>"; };
		43F9FDE04A013D1797BF4F3E /* Pods-Gogolook-GogolookUITests.release.xcconfig */ = {isa = PBXFileReference; includeInIndex = 1; lastKnownFileType = text.xcconfig; name = "Pods-Gogolook-GogolookUITests.release.xcconfig"; path = "Target Support Files/Pods-Gogolook-GogolookUITests/Pods-Gogolook-GogolookUITests.release.xcconfig"; sourceTree = "<group>"; };
		48CCC92C80DD955C24AC55DA /* Pods-GogolookTests.debug.xcconfig */ = {isa = PBXFileReference; includeInIndex = 1; lastKnownFileType = text.xcconfig; name = "Pods-GogolookTests.debug.xcconfig"; path = "Target Support Files/Pods-GogolookTests/Pods-GogolookTests.debug.xcconfig"; sourceTree = "<group>"; };
		582327CBB9A9C9835A7DF28C /* Pods-Gogolook.release.xcconfig */ = {isa = PBXFileReference; includeInIndex = 1; lastKnownFileType = text.xcconfig; name = "Pods-Gogolook.release.xcconfig"; path = "Target Support Files/Pods-Gogolook/Pods-Gogolook.release.xcconfig"; sourceTree = "<group>"; };
		7F51BA6B47931EEFD45E01F1 /* Pods_Gogolook.framework */ = {isa = PBXFileReference; explicitFileType = wrapper.framework; includeInIndex = 0; path = Pods_Gogolook.framework; sourceTree = BUILT_PRODUCTS_DIR; };
		CAC82B73A748D58B8CE261F3 /* Pods-GogolookTests.release.xcconfig */ = {isa = PBXFileReference; includeInIndex = 1; lastKnownFileType = text.xcconfig; name = "Pods-GogolookTests.release.xcconfig"; path = "Target Support Files/Pods-GogolookTests/Pods-GogolookTests.release.xcconfig"; sourceTree = "<group>"; };
		F224F3B998909A5BF8121F92 /* Pods_GogolookTests.framework */ = {isa = PBXFileReference; explicitFileType = wrapper.framework; includeInIndex = 0; path = Pods_GogolookTests.framework; sourceTree = BUILT_PRODUCTS_DIR; };
/* End PBXFileReference section */

/* Begin PBXFrameworksBuildPhase section */
		1E7334E627CC77D90063BB13 /* Frameworks */ = {
			isa = PBXFrameworksBuildPhase;
			buildActionMask = 2147483647;
			files = (
				8CB4D0A41D368D1E52C6505F /* Pods_Gogolook.framework in Frameworks */,
			);
			runOnlyForDeploymentPostprocessing = 0;
		};
		1E7334FC27CC77DB0063BB13 /* Frameworks */ = {
			isa = PBXFrameworksBuildPhase;
			buildActionMask = 2147483647;
			files = (
				40C322F071051185BA5BCC3F /* Pods_GogolookTests.framework in Frameworks */,
			);
			runOnlyForDeploymentPostprocessing = 0;
		};
		1E73350627CC77DB0063BB13 /* Frameworks */ = {
			isa = PBXFrameworksBuildPhase;
			buildActionMask = 2147483647;
			files = (
				B05CBC625E5641E09458E4A9 /* Pods_Gogolook_GogolookUITests.framework in Frameworks */,
			);
			runOnlyForDeploymentPostprocessing = 0;
		};
/* End PBXFrameworksBuildPhase section */

/* Begin PBXGroup section */
		0F8FA1D78DB32FB8828BCC41 /* Pods */ = {
			isa = PBXGroup;
			children = (
				0F5FA04B5348E1D8B286FAA6 /* Pods-Gogolook.debug.xcconfig */,
				582327CBB9A9C9835A7DF28C /* Pods-Gogolook.release.xcconfig */,
				3C641C03928D74486843EC82 /* Pods-Gogolook-GogolookUITests.debug.xcconfig */,
				43F9FDE04A013D1797BF4F3E /* Pods-Gogolook-GogolookUITests.release.xcconfig */,
				48CCC92C80DD955C24AC55DA /* Pods-GogolookTests.debug.xcconfig */,
				CAC82B73A748D58B8CE261F3 /* Pods-GogolookTests.release.xcconfig */,
			);
			path = Pods;
			sourceTree = "<group>";
		};
		1E7334E027CC77D90063BB13 = {
			isa = PBXGroup;
			children = (
				1E7334EB27CC77D90063BB13 /* Gogolook */,
				1E73350227CC77DB0063BB13 /* GogolookTests */,
				1E73350C27CC77DB0063BB13 /* GogolookUITests */,
				1E7334EA27CC77D90063BB13 /* Products */,
				0F8FA1D78DB32FB8828BCC41 /* Pods */,
				B982D9E57D0FCE33DF6C3477 /* Frameworks */,
			);
			sourceTree = "<group>";
		};
		1E7334EA27CC77D90063BB13 /* Products */ = {
			isa = PBXGroup;
			children = (
				1E7334E927CC77D90063BB13 /* Gogolook.app */,
				1E7334FF27CC77DB0063BB13 /* GogolookTests.xctest */,
				1E73350927CC77DB0063BB13 /* GogolookUITests.xctest */,
			);
			name = Products;
			sourceTree = "<group>";
		};
		1E7334EB27CC77D90063BB13 /* Gogolook */ = {
			isa = PBXGroup;
			children = (
				1E73354227CCBA210063BB13 /* ViewControllers */,
				1E73353427CC84C60063BB13 /* APIManager */,
				1E7334EC27CC77D90063BB13 /* AppDelegate.swift */,
				1E7334F527CC77DA0063BB13 /* Assets.xcassets */,
				1E73352D27CC7F420063BB13 /* Extenstions */,
				1E73352727CC7B360063BB13 /* Model */,
				1E73351C27CC781A0063BB13 /* Netwoking */,
				1E73353827CC87630063BB13 /* VIew */,
				1E73353027CC84530063BB13 /* ViewModel */,
				1E7334FA27CC77DB0063BB13 /* Info.plist */,
				1E7334F727CC77DA0063BB13 /* LaunchScreen.storyboard */,
				1E7334F227CC77D90063BB13 /* Main.storyboard */,
			);
			path = Gogolook;
			sourceTree = "<group>";
		};
		1E73350227CC77DB0063BB13 /* GogolookTests */ = {
			isa = PBXGroup;
			children = (
				1E73350327CC77DB0063BB13 /* GogolookTestTests.swift */,
				1E73352827CC7C630063BB13 /* APIURLTest.swift */,
				1E73352E27CC7F8C0063BB13 /* APIFetchTest.swift */,
				1EB9C32027CFA95C000756E9 /* DownloadImageTest.swift */,
				1EB9C32527CFAC1F000756E9 /* DateStringFormatTest.swift */,
			);
			path = GogolookTests;
			sourceTree = "<group>";
		};
		1E73350C27CC77DB0063BB13 /* GogolookUITests */ = {
			isa = PBXGroup;
			children = (
				1E73350D27CC77DB0063BB13 /* GogolookTestUITests.swift */,
				1E73350F27CC77DB0063BB13 /* GogolookTestUITestsLaunchTests.swift */,
			);
			path = GogolookUITests;
			sourceTree = "<group>";
		};
		1E73351C27CC781A0063BB13 /* Netwoking */ = {
			isa = PBXGroup;
			children = (
				1E73351D27CC78350063BB13 /* API.swift */,
				1E73352127CC78350063BB13 /* APIFetch.swift */,
				1E73351F27CC78350063BB13 /* Errors.swift */,
				1E73351E27CC78350063BB13 /* FetchParameter.swift */,
				1E73352027CC78350063BB13 /* URLProcess.swift */,
			);
			path = Netwoking;
			sourceTree = "<group>";
		};
		1E73352727CC7B360063BB13 /* Model */ = {
			isa = PBXGroup;
			children = (
				1E73352A27CC7D950063BB13 /* AnimeCodable.swift */,
			);
			path = Model;
			sourceTree = "<group>";
		};
		1E73352D27CC7F420063BB13 /* Extenstions */ = {
			isa = PBXGroup;
			children = (
				1EB9C31427CF84B4000756E9 /* UIKit */,
				1EB9C31327CF84AD000756E9 /* Foundation */,
			);
			path = Extenstions;
			sourceTree = "<group>";
		};
		1E73353027CC84530063BB13 /* ViewModel */ = {
			isa = PBXGroup;
			children = (
				1E73353127CC84670063BB13 /* AnimeViewModel.swift */,
			);
			path = ViewModel;
			sourceTree = "<group>";
		};
		1E73353427CC84C60063BB13 /* APIManager */ = {
			isa = PBXGroup;
			children = (
				1E73353527CC84D70063BB13 /* AnimeAPIManager.swift */,
			);
			path = APIManager;
			sourceTree = "<group>";
		};
		1E73353827CC87630063BB13 /* VIew */ = {
			isa = PBXGroup;
			children = (
				1E73353927CC877C0063BB13 /* AnimeTableViewCell.swift */,
			);
			path = VIew;
			sourceTree = "<group>";
		};
		1E73354227CCBA210063BB13 /* ViewControllers */ = {
			isa = PBXGroup;
			children = (
				1E7334F027CC77D90063BB13 /* AnimeViewController.swift */,
				1E73354327CCBA440063BB13 /* AnimeDetailViewController.swift */,
			);
			path = ViewControllers;
			sourceTree = "<group>";
		};
		1EB9C31327CF84AD000756E9 /* Foundation */ = {
			isa = PBXGroup;
			children = (
				1EB9C31527CF84DE000756E9 /* String+Ext.swift */,
			);
			path = Foundation;
			sourceTree = "<group>";
		};
		1EB9C31427CF84B4000756E9 /* UIKit */ = {
			isa = PBXGroup;
			children = (
				1E73353C27CC8BED0063BB13 /* UIImageView+Ext.swift */,
				1E73353D27CC8BED0063BB13 /* UIVIewController+Ext.swift */,
			);
			path = UIKit;
			sourceTree = "<group>";
		};
		B982D9E57D0FCE33DF6C3477 /* Frameworks */ = {
			isa = PBXGroup;
			children = (
				7F51BA6B47931EEFD45E01F1 /* Pods_Gogolook.framework */,
				250C1FD3E74109E120B1AE3B /* Pods_Gogolook_GogolookUITests.framework */,
				F224F3B998909A5BF8121F92 /* Pods_GogolookTests.framework */,
			);
			name = Frameworks;
			sourceTree = "<group>";
		};
/* End PBXGroup section */

/* Begin PBXNativeTarget section */
		1E7334E827CC77D90063BB13 /* Gogolook */ = {
			isa = PBXNativeTarget;
			buildConfigurationList = 1E73351327CC77DB0063BB13 /* Build configuration list for PBXNativeTarget "Gogolook" */;
			buildPhases = (
				5DE87711CF73136C0F4463CF /* [CP] Check Pods Manifest.lock */,
				1E7334E527CC77D90063BB13 /* Sources */,
				1E7334E627CC77D90063BB13 /* Frameworks */,
				1E7334E727CC77D90063BB13 /* Resources */,
				F841BBD21963CB0335A15B9A /* [CP] Embed Pods Frameworks */,
			);
			buildRules = (
			);
			dependencies = (
			);
			name = Gogolook;
			productName = GogolookTest;
			productReference = 1E7334E927CC77D90063BB13 /* Gogolook.app */;
			productType = "com.apple.product-type.application";
		};
		1E7334FE27CC77DB0063BB13 /* GogolookTests */ = {
			isa = PBXNativeTarget;
			buildConfigurationList = 1E73351627CC77DB0063BB13 /* Build configuration list for PBXNativeTarget "GogolookTests" */;
			buildPhases = (
				F8E4E0A9526535A00B537273 /* [CP] Check Pods Manifest.lock */,
				1E7334FB27CC77DB0063BB13 /* Sources */,
				1E7334FC27CC77DB0063BB13 /* Frameworks */,
				1E7334FD27CC77DB0063BB13 /* Resources */,
			);
			buildRules = (
			);
			dependencies = (
				1E73350127CC77DB0063BB13 /* PBXTargetDependency */,
			);
			name = GogolookTests;
			productName = GogolookTestTests;
			productReference = 1E7334FF27CC77DB0063BB13 /* GogolookTests.xctest */;
			productType = "com.apple.product-type.bundle.unit-test";
		};
		1E73350827CC77DB0063BB13 /* GogolookUITests */ = {
			isa = PBXNativeTarget;
			buildConfigurationList = 1E73351927CC77DB0063BB13 /* Build configuration list for PBXNativeTarget "GogolookUITests" */;
			buildPhases = (
				6FF96D9E5181247706400A6F /* [CP] Check Pods Manifest.lock */,
				1E73350527CC77DB0063BB13 /* Sources */,
				1E73350627CC77DB0063BB13 /* Frameworks */,
				1E73350727CC77DB0063BB13 /* Resources */,
				2827ED5031838CDAD6124829 /* [CP] Embed Pods Frameworks */,
			);
			buildRules = (
			);
			dependencies = (
				1E73350B27CC77DB0063BB13 /* PBXTargetDependency */,
			);
			name = GogolookUITests;
			productName = GogolookTestUITests;
			productReference = 1E73350927CC77DB0063BB13 /* GogolookUITests.xctest */;
			productType = "com.apple.product-type.bundle.ui-testing";
		};
/* End PBXNativeTarget section */

/* Begin PBXProject section */
		1E7334E127CC77D90063BB13 /* Project object */ = {
			isa = PBXProject;
			attributes = {
				BuildIndependentTargetsInParallel = 1;
				LastSwiftUpdateCheck = 1320;
				LastUpgradeCheck = 1320;
				TargetAttributes = {
					1E7334E827CC77D90063BB13 = {
						CreatedOnToolsVersion = 13.2;
					};
					1E7334FE27CC77DB0063BB13 = {
						CreatedOnToolsVersion = 13.2;
						TestTargetID = 1E7334E827CC77D90063BB13;
					};
					1E73350827CC77DB0063BB13 = {
						CreatedOnToolsVersion = 13.2;
						TestTargetID = 1E7334E827CC77D90063BB13;
					};
				};
			};
			buildConfigurationList = 1E7334E427CC77D90063BB13 /* Build configuration list for PBXProject "Gogolook" */;
			compatibilityVersion = "Xcode 13.0";
			developmentRegion = en;
			hasScannedForEncodings = 0;
			knownRegions = (
				en,
				Base,
			);
			mainGroup = 1E7334E027CC77D90063BB13;
			productRefGroup = 1E7334EA27CC77D90063BB13 /* Products */;
			projectDirPath = "";
			projectRoot = "";
			targets = (
				1E7334E827CC77D90063BB13 /* Gogolook */,
				1E7334FE27CC77DB0063BB13 /* GogolookTests */,
				1E73350827CC77DB0063BB13 /* GogolookUITests */,
			);
		};
/* End PBXProject section */

/* Begin PBXResourcesBuildPhase section */
		1E7334E727CC77D90063BB13 /* Resources */ = {
			isa = PBXResourcesBuildPhase;
			buildActionMask = 2147483647;
			files = (
				1E7334F927CC77DA0063BB13 /* LaunchScreen.storyboard in Resources */,
				1E7334F627CC77DA0063BB13 /* Assets.xcassets in Resources */,
				1E7334F427CC77D90063BB13 /* Main.storyboard in Resources */,
			);
			runOnlyForDeploymentPostprocessing = 0;
		};
		1E7334FD27CC77DB0063BB13 /* Resources */ = {
			isa = PBXResourcesBuildPhase;
			buildActionMask = 2147483647;
			files = (
			);
			runOnlyForDeploymentPostprocessing = 0;
		};
		1E73350727CC77DB0063BB13 /* Resources */ = {
			isa = PBXResourcesBuildPhase;
			buildActionMask = 2147483647;
			files = (
			);
			runOnlyForDeploymentPostprocessing = 0;
		};
/* End PBXResourcesBuildPhase section */

/* Begin PBXShellScriptBuildPhase section */
		2827ED5031838CDAD6124829 /* [CP] Embed Pods Frameworks */ = {
			isa = PBXShellScriptBuildPhase;
			buildActionMask = 2147483647;
			files = (
			);
			inputFileListPaths = (
				"${PODS_ROOT}/Target Support Files/Pods-Gogolook-GogolookUITests/Pods-Gogolook-GogolookUITests-frameworks-${CONFIGURATION}-input-files.xcfilelist",
			);
			name = "[CP] Embed Pods Frameworks";
			outputFileListPaths = (
				"${PODS_ROOT}/Target Support Files/Pods-Gogolook-GogolookUITests/Pods-Gogolook-GogolookUITests-frameworks-${CONFIGURATION}-output-files.xcfilelist",
			);
			runOnlyForDeploymentPostprocessing = 0;
			shellPath = /bin/sh;
			shellScript = "\"${PODS_ROOT}/Target Support Files/Pods-Gogolook-GogolookUITests/Pods-Gogolook-GogolookUITests-frameworks.sh\"\n";
			showEnvVarsInLog = 0;
		};
		5DE87711CF73136C0F4463CF /* [CP] Check Pods Manifest.lock */ = {
			isa = PBXShellScriptBuildPhase;
			buildActionMask = 2147483647;
			files = (
			);
			inputFileListPaths = (
			);
			inputPaths = (
				"${PODS_PODFILE_DIR_PATH}/Podfile.lock",
				"${PODS_ROOT}/Manifest.lock",
			);
			name = "[CP] Check Pods Manifest.lock";
			outputFileListPaths = (
			);
			outputPaths = (
				"$(DERIVED_FILE_DIR)/Pods-Gogolook-checkManifestLockResult.txt",
			);
			runOnlyForDeploymentPostprocessing = 0;
			shellPath = /bin/sh;
			shellScript = "diff \"${PODS_PODFILE_DIR_PATH}/Podfile.lock\" \"${PODS_ROOT}/Manifest.lock\" > /dev/null\nif [ $? != 0 ] ; then\n    # print error to STDERR\n    echo \"error: The sandbox is not in sync with the Podfile.lock. Run 'pod install' or update your CocoaPods installation.\" >&2\n    exit 1\nfi\n# This output is used by Xcode 'outputs' to avoid re-running this script phase.\necho \"SUCCESS\" > \"${SCRIPT_OUTPUT_FILE_0}\"\n";
			showEnvVarsInLog = 0;
		};
		6FF96D9E5181247706400A6F /* [CP] Check Pods Manifest.lock */ = {
			isa = PBXShellScriptBuildPhase;
			buildActionMask = 2147483647;
			files = (
			);
			inputFileListPaths = (
			);
			inputPaths = (
				"${PODS_PODFILE_DIR_PATH}/Podfile.lock",
				"${PODS_ROOT}/Manifest.lock",
			);
			name = "[CP] Check Pods Manifest.lock";
			outputFileListPaths = (
			);
			outputPaths = (
				"$(DERIVED_FILE_DIR)/Pods-Gogolook-GogolookUITests-checkManifestLockResult.txt",
			);
			runOnlyForDeploymentPostprocessing = 0;
			shellPath = /bin/sh;
			shellScript = "diff \"${PODS_PODFILE_DIR_PATH}/Podfile.lock\" \"${PODS_ROOT}/Manifest.lock\" > /dev/null\nif [ $? != 0 ] ; then\n    # print error to STDERR\n    echo \"error: The sandbox is not in sync with the Podfile.lock. Run 'pod install' or update your CocoaPods installation.\" >&2\n    exit 1\nfi\n# This output is used by Xcode 'outputs' to avoid re-running this script phase.\necho \"SUCCESS\" > \"${SCRIPT_OUTPUT_FILE_0}\"\n";
			showEnvVarsInLog = 0;
		};
		F841BBD21963CB0335A15B9A /* [CP] Embed Pods Frameworks */ = {
			isa = PBXShellScriptBuildPhase;
			buildActionMask = 2147483647;
			files = (
			);
			inputFileListPaths = (
				"${PODS_ROOT}/Target Support Files/Pods-Gogolook/Pods-Gogolook-frameworks-${CONFIGURATION}-input-files.xcfilelist",
			);
			name = "[CP] Embed Pods Frameworks";
			outputFileListPaths = (
				"${PODS_ROOT}/Target Support Files/Pods-Gogolook/Pods-Gogolook-frameworks-${CONFIGURATION}-output-files.xcfilelist",
			);
			runOnlyForDeploymentPostprocessing = 0;
			shellPath = /bin/sh;
			shellScript = "\"${PODS_ROOT}/Target Support Files/Pods-Gogolook/Pods-Gogolook-frameworks.sh\"\n";
			showEnvVarsInLog = 0;
		};
		F8E4E0A9526535A00B537273 /* [CP] Check Pods Manifest.lock */ = {
			isa = PBXShellScriptBuildPhase;
			buildActionMask = 2147483647;
			files = (
			);
			inputFileListPaths = (
			);
			inputPaths = (
				"${PODS_PODFILE_DIR_PATH}/Podfile.lock",
				"${PODS_ROOT}/Manifest.lock",
			);
			name = "[CP] Check Pods Manifest.lock";
			outputFileListPaths = (
			);
			outputPaths = (
				"$(DERIVED_FILE_DIR)/Pods-GogolookTests-checkManifestLockResult.txt",
			);
			runOnlyForDeploymentPostprocessing = 0;
			shellPath = /bin/sh;
			shellScript = "diff \"${PODS_PODFILE_DIR_PATH}/Podfile.lock\" \"${PODS_ROOT}/Manifest.lock\" > /dev/null\nif [ $? != 0 ] ; then\n    # print error to STDERR\n    echo \"error: The sandbox is not in sync with the Podfile.lock. Run 'pod install' or update your CocoaPods installation.\" >&2\n    exit 1\nfi\n# This output is used by Xcode 'outputs' to avoid re-running this script phase.\necho \"SUCCESS\" > \"${SCRIPT_OUTPUT_FILE_0}\"\n";
			showEnvVarsInLog = 0;
		};
/* End PBXShellScriptBuildPhase section */

/* Begin PBXSourcesBuildPhase section */
		1E7334E527CC77D90063BB13 /* Sources */ = {
			isa = PBXSourcesBuildPhase;
			buildActionMask = 2147483647;
			files = (
				1E73353E27CC8BED0063BB13 /* UIImageView+Ext.swift in Sources */,
				1E73353227CC84670063BB13 /* AnimeViewModel.swift in Sources */,
				1E73353627CC84D70063BB13 /* AnimeAPIManager.swift in Sources */,
				1EB9C31627CF84DE000756E9 /* String+Ext.swift in Sources */,
				1E73352627CC78350063BB13 /* APIFetch.swift in Sources */,
				1E73354427CCBA440063BB13 /* AnimeDetailViewController.swift in Sources */,
				1E7334F127CC77D90063BB13 /* AnimeViewController.swift in Sources */,
				1E73352527CC78350063BB13 /* URLProcess.swift in Sources */,
				1E73352427CC78350063BB13 /* Errors.swift in Sources */,
				1E73352227CC78350063BB13 /* API.swift in Sources */,
				1E73354027CC8BED0063BB13 /* UIVIewController+Ext.swift in Sources */,
				1E73352B27CC7D950063BB13 /* AnimeCodable.swift in Sources */,
				1E73352327CC78350063BB13 /* FetchParameter.swift in Sources */,
				1E73353A27CC877C0063BB13 /* AnimeTableViewCell.swift in Sources */,
				1E7334ED27CC77D90063BB13 /* AppDelegate.swift in Sources */,
			);
			runOnlyForDeploymentPostprocessing = 0;
		};
		1E7334FB27CC77DB0063BB13 /* Sources */ = {
			isa = PBXSourcesBuildPhase;
			buildActionMask = 2147483647;
			files = (
				1E73353F27CC8BED0063BB13 /* UIImageView+Ext.swift in Sources */,
				1EB9C31927CFA871000756E9 /* URLProcess.swift in Sources */,
				1EB9C32227CFA95C000756E9 /* DownloadImageTest.swift in Sources */,
				1EB9C32727CFAC1F000756E9 /* DateStringFormatTest.swift in Sources */,
				1E73353327CC84670063BB13 /* AnimeViewModel.swift in Sources */,
				1EB9C31C27CFA88A000756E9 /* String+Ext.swift in Sources */,
				1E73352927CC7C630063BB13 /* APIURLTest.swift in Sources */,
				1E73352F27CC7F8C0063BB13 /* APIFetchTest.swift in Sources */,
				1E73354127CC8BED0063BB13 /* UIVIewController+Ext.swift in Sources */,
				1EB9C31E27CFA890000756E9 /* AnimeDetailViewController.swift in Sources */,
				1EB9C31B27CFA871000756E9 /* API.swift in Sources */,
				1EB9C31A27CFA871000756E9 /* APIFetch.swift in Sources */,
				1E73352C27CC7D950063BB13 /* AnimeCodable.swift in Sources */,
				1EB9C31727CFA860000756E9 /* Errors.swift in Sources */,
				1EB9C31F27CFA893000756E9 /* AppDelegate.swift in Sources */,
				1EB9C31827CFA871000756E9 /* FetchParameter.swift in Sources */,
				1E73353B27CC877C0063BB13 /* AnimeTableViewCell.swift in Sources */,
				1EB9C31D27CFA890000756E9 /* AnimeViewController.swift in Sources */,
				1E73350427CC77DB0063BB13 /* GogolookTestTests.swift in Sources */,
				1E73353727CC84D70063BB13 /* AnimeAPIManager.swift in Sources */,
			);
			runOnlyForDeploymentPostprocessing = 0;
		};
		1E73350527CC77DB0063BB13 /* Sources */ = {
			isa = PBXSourcesBuildPhase;
			buildActionMask = 2147483647;
			files = (
				1E73350E27CC77DB0063BB13 /* GogolookTestUITests.swift in Sources */,
				1E73351027CC77DB0063BB13 /* GogolookTestUITestsLaunchTests.swift in Sources */,
			);
			runOnlyForDeploymentPostprocessing = 0;
		};
/* End PBXSourcesBuildPhase section */

/* Begin PBXTargetDependency section */
		1E73350127CC77DB0063BB13 /* PBXTargetDependency */ = {
			isa = PBXTargetDependency;
			target = 1E7334E827CC77D90063BB13 /* Gogolook */;
			targetProxy = 1E73350027CC77DB0063BB13 /* PBXContainerItemProxy */;
		};
		1E73350B27CC77DB0063BB13 /* PBXTargetDependency */ = {
			isa = PBXTargetDependency;
			target = 1E7334E827CC77D90063BB13 /* Gogolook */;
			targetProxy = 1E73350A27CC77DB0063BB13 /* PBXContainerItemProxy */;
		};
/* End PBXTargetDependency section */

/* Begin PBXVariantGroup section */
		1E7334F227CC77D90063BB13 /* Main.storyboard */ = {
			isa = PBXVariantGroup;
			children = (
				1E7334F327CC77D90063BB13 /* Base */,
			);
			name = Main.storyboard;
			sourceTree = "<group>";
		};
		1E7334F727CC77DA0063BB13 /* LaunchScreen.storyboard */ = {
			isa = PBXVariantGroup;
			children = (
				1E7334F827CC77DA0063BB13 /* Base */,
			);
			name = LaunchScreen.storyboard;
			sourceTree = "<group>";
		};
/* End PBXVariantGroup section */

/* Begin XCBuildConfiguration section */
		1E73351127CC77DB0063BB13 /* Debug */ = {
			isa = XCBuildConfiguration;
			buildSettings = {
				ALWAYS_SEARCH_USER_PATHS = NO;
				CLANG_ANALYZER_NONNULL = YES;
				CLANG_ANALYZER_NUMBER_OBJECT_CONVERSION = YES_AGGRESSIVE;
				CLANG_CXX_LANGUAGE_STANDARD = "gnu++17";
				CLANG_CXX_LIBRARY = "libc++";
				CLANG_ENABLE_MODULES = YES;
				CLANG_ENABLE_OBJC_ARC = YES;
				CLANG_ENABLE_OBJC_WEAK = YES;
				CLANG_WARN_BLOCK_CAPTURE_AUTORELEASING = YES;
				CLANG_WARN_BOOL_CONVERSION = YES;
				CLANG_WARN_COMMA = YES;
				CLANG_WARN_CONSTANT_CONVERSION = YES;
				CLANG_WARN_DEPRECATED_OBJC_IMPLEMENTATIONS = YES;
				CLANG_WARN_DIRECT_OBJC_ISA_USAGE = YES_ERROR;
				CLANG_WARN_DOCUMENTATION_COMMENTS = YES;
				CLANG_WARN_EMPTY_BODY = YES;
				CLANG_WARN_ENUM_CONVERSION = YES;
				CLANG_WARN_INFINITE_RECURSION = YES;
				CLANG_WARN_INT_CONVERSION = YES;
				CLANG_WARN_NON_LITERAL_NULL_CONVERSION = YES;
				CLANG_WARN_OBJC_IMPLICIT_RETAIN_SELF = YES;
				CLANG_WARN_OBJC_LITERAL_CONVERSION = YES;
				CLANG_WARN_OBJC_ROOT_CLASS = YES_ERROR;
				CLANG_WARN_QUOTED_INCLUDE_IN_FRAMEWORK_HEADER = YES;
				CLANG_WARN_RANGE_LOOP_ANALYSIS = YES;
				CLANG_WARN_STRICT_PROTOTYPES = YES;
				CLANG_WARN_SUSPICIOUS_MOVE = YES;
				CLANG_WARN_UNGUARDED_AVAILABILITY = YES_AGGRESSIVE;
				CLANG_WARN_UNREACHABLE_CODE = YES;
				CLANG_WARN__DUPLICATE_METHOD_MATCH = YES;
				COPY_PHASE_STRIP = NO;
				DEBUG_INFORMATION_FORMAT = dwarf;
				ENABLE_STRICT_OBJC_MSGSEND = YES;
				ENABLE_TESTABILITY = YES;
				GCC_C_LANGUAGE_STANDARD = gnu11;
				GCC_DYNAMIC_NO_PIC = NO;
				GCC_NO_COMMON_BLOCKS = YES;
				GCC_OPTIMIZATION_LEVEL = 0;
				GCC_PREPROCESSOR_DEFINITIONS = (
					"DEBUG=1",
					"$(inherited)",
				);
				GCC_WARN_64_TO_32_BIT_CONVERSION = YES;
				GCC_WARN_ABOUT_RETURN_TYPE = YES_ERROR;
				GCC_WARN_UNDECLARED_SELECTOR = YES;
				GCC_WARN_UNINITIALIZED_AUTOS = YES_AGGRESSIVE;
				GCC_WARN_UNUSED_FUNCTION = YES;
				GCC_WARN_UNUSED_VARIABLE = YES;
				IPHONEOS_DEPLOYMENT_TARGET = 15.2;
				MTL_ENABLE_DEBUG_INFO = INCLUDE_SOURCE;
				MTL_FAST_MATH = YES;
				ONLY_ACTIVE_ARCH = YES;
				SDKROOT = iphoneos;
				SWIFT_ACTIVE_COMPILATION_CONDITIONS = DEBUG;
				SWIFT_OPTIMIZATION_LEVEL = "-Onone";
			};
			name = Debug;
		};
		1E73351227CC77DB0063BB13 /* Release */ = {
			isa = XCBuildConfiguration;
			buildSettings = {
				ALWAYS_SEARCH_USER_PATHS = NO;
				CLANG_ANALYZER_NONNULL = YES;
				CLANG_ANALYZER_NUMBER_OBJECT_CONVERSION = YES_AGGRESSIVE;
				CLANG_CXX_LANGUAGE_STANDARD = "gnu++17";
				CLANG_CXX_LIBRARY = "libc++";
				CLANG_ENABLE_MODULES = YES;
				CLANG_ENABLE_OBJC_ARC = YES;
				CLANG_ENABLE_OBJC_WEAK = YES;
				CLANG_WARN_BLOCK_CAPTURE_AUTORELEASING = YES;
				CLANG_WARN_BOOL_CONVERSION = YES;
				CLANG_WARN_COMMA = YES;
				CLANG_WARN_CONSTANT_CONVERSION = YES;
				CLANG_WARN_DEPRECATED_OBJC_IMPLEMENTATIONS = YES;
				CLANG_WARN_DIRECT_OBJC_ISA_USAGE = YES_ERROR;
				CLANG_WARN_DOCUMENTATION_COMMENTS = YES;
				CLANG_WARN_EMPTY_BODY = YES;
				CLANG_WARN_ENUM_CONVERSION = YES;
				CLANG_WARN_INFINITE_RECURSION = YES;
				CLANG_WARN_INT_CONVERSION = YES;
				CLANG_WARN_NON_LITERAL_NULL_CONVERSION = YES;
				CLANG_WARN_OBJC_IMPLICIT_RETAIN_SELF = YES;
				CLANG_WARN_OBJC_LITERAL_CONVERSION = YES;
				CLANG_WARN_OBJC_ROOT_CLASS = YES_ERROR;
				CLANG_WARN_QUOTED_INCLUDE_IN_FRAMEWORK_HEADER = YES;
				CLANG_WARN_RANGE_LOOP_ANALYSIS = YES;
				CLANG_WARN_STRICT_PROTOTYPES = YES;
				CLANG_WARN_SUSPICIOUS_MOVE = YES;
				CLANG_WARN_UNGUARDED_AVAILABILITY = YES_AGGRESSIVE;
				CLANG_WARN_UNREACHABLE_CODE = YES;
				CLANG_WARN__DUPLICATE_METHOD_MATCH = YES;
				COPY_PHASE_STRIP = NO;
				DEBUG_INFORMATION_FORMAT = "dwarf-with-dsym";
				ENABLE_NS_ASSERTIONS = NO;
				ENABLE_STRICT_OBJC_MSGSEND = YES;
				GCC_C_LANGUAGE_STANDARD = gnu11;
				GCC_NO_COMMON_BLOCKS = YES;
				GCC_WARN_64_TO_32_BIT_CONVERSION = YES;
				GCC_WARN_ABOUT_RETURN_TYPE = YES_ERROR;
				GCC_WARN_UNDECLARED_SELECTOR = YES;
				GCC_WARN_UNINITIALIZED_AUTOS = YES_AGGRESSIVE;
				GCC_WARN_UNUSED_FUNCTION = YES;
				GCC_WARN_UNUSED_VARIABLE = YES;
				IPHONEOS_DEPLOYMENT_TARGET = 15.2;
				MTL_ENABLE_DEBUG_INFO = NO;
				MTL_FAST_MATH = YES;
				SDKROOT = iphoneos;
				SWIFT_COMPILATION_MODE = wholemodule;
				SWIFT_OPTIMIZATION_LEVEL = "-O";
				VALIDATE_PRODUCT = YES;
			};
			name = Release;
		};
		1E73351427CC77DB0063BB13 /* Debug */ = {
			isa = XCBuildConfiguration;
			baseConfigurationReference = 0F5FA04B5348E1D8B286FAA6 /* Pods-Gogolook.debug.xcconfig */;
			buildSettings = {
				ASSETCATALOG_COMPILER_APPICON_NAME = AppIcon;
				ASSETCATALOG_COMPILER_GLOBAL_ACCENT_COLOR_NAME = AccentColor;
				CODE_SIGN_STYLE = Automatic;
				CURRENT_PROJECT_VERSION = 1;
				DEVELOPMENT_TEAM = 3QY7ABBTPS;
				GENERATE_INFOPLIST_FILE = YES;
				INFOPLIST_FILE = Gogolook/Info.plist;
				INFOPLIST_KEY_UIApplicationSupportsIndirectInputEvents = YES;
				INFOPLIST_KEY_UILaunchStoryboardName = LaunchScreen;
				INFOPLIST_KEY_UIMainStoryboardFile = Main;
				INFOPLIST_KEY_UISupportedInterfaceOrientations_iPad = "UIInterfaceOrientationPortrait UIInterfaceOrientationPortraitUpsideDown UIInterfaceOrientationLandscapeLeft UIInterfaceOrientationLandscapeRight";
				INFOPLIST_KEY_UISupportedInterfaceOrientations_iPhone = "UIInterfaceOrientationPortrait UIInterfaceOrientationLandscapeLeft UIInterfaceOrientationLandscapeRight";
				IPHONEOS_DEPLOYMENT_TARGET = 13.0;
				LD_RUNPATH_SEARCH_PATHS = (
					"$(inherited)",
					"@executable_path/Frameworks",
				);
				MARKETING_VERSION = 1.0;
				PRODUCT_BUNDLE_IDENTIFIER = com.weixinke.Gogolook;
				PRODUCT_NAME = "$(TARGET_NAME)";
				SWIFT_EMIT_LOC_STRINGS = YES;
				SWIFT_VERSION = 5.0;
				TARGETED_DEVICE_FAMILY = "1,2";
			};
			name = Debug;
		};
		1E73351527CC77DB0063BB13 /* Release */ = {
			isa = XCBuildConfiguration;
			baseConfigurationReference = 582327CBB9A9C9835A7DF28C /* Pods-Gogolook.release.xcconfig */;
			buildSettings = {
				ASSETCATALOG_COMPILER_APPICON_NAME = AppIcon;
				ASSETCATALOG_COMPILER_GLOBAL_ACCENT_COLOR_NAME = AccentColor;
				CODE_SIGN_STYLE = Automatic;
				CURRENT_PROJECT_VERSION = 1;
				DEVELOPMENT_TEAM = 3QY7ABBTPS;
				GENERATE_INFOPLIST_FILE = YES;
				INFOPLIST_FILE = Gogolook/Info.plist;
				INFOPLIST_KEY_UIApplicationSupportsIndirectInputEvents = YES;
				INFOPLIST_KEY_UILaunchStoryboardName = LaunchScreen;
				INFOPLIST_KEY_UIMainStoryboardFile = Main;
				INFOPLIST_KEY_UISupportedInterfaceOrientations_iPad = "UIInterfaceOrientationPortrait UIInterfaceOrientationPortraitUpsideDown UIInterfaceOrientationLandscapeLeft UIInterfaceOrientationLandscapeRight";
				INFOPLIST_KEY_UISupportedInterfaceOrientations_iPhone = "UIInterfaceOrientationPortrait UIInterfaceOrientationLandscapeLeft UIInterfaceOrientationLandscapeRight";
				IPHONEOS_DEPLOYMENT_TARGET = 13.0;
				LD_RUNPATH_SEARCH_PATHS = (
					"$(inherited)",
					"@executable_path/Frameworks",
				);
				MARKETING_VERSION = 1.0;
				PRODUCT_BUNDLE_IDENTIFIER = com.weixinke.Gogolook;
				PRODUCT_NAME = "$(TARGET_NAME)";
				SWIFT_EMIT_LOC_STRINGS = YES;
				SWIFT_VERSION = 5.0;
				TARGETED_DEVICE_FAMILY = "1,2";
			};
			name = Release;
		};
		1E73351727CC77DB0063BB13 /* Debug */ = {
			isa = XCBuildConfiguration;
			baseConfigurationReference = 48CCC92C80DD955C24AC55DA /* Pods-GogolookTests.debug.xcconfig */;
			buildSettings = {
				ALWAYS_EMBED_SWIFT_STANDARD_LIBRARIES = YES;
				BUNDLE_LOADER = "$(TEST_HOST)";
				CODE_SIGN_STYLE = Automatic;
				CURRENT_PROJECT_VERSION = 1;
				DEVELOPMENT_TEAM = 3QY7ABBTPS;
				GENERATE_INFOPLIST_FILE = YES;
				IPHONEOS_DEPLOYMENT_TARGET = 15.2;
				MARKETING_VERSION = 1.0;
				PRODUCT_BUNDLE_IDENTIFIER = com.weixinke.GogolookTestTests;
				PRODUCT_NAME = "$(TARGET_NAME)";
				SWIFT_EMIT_LOC_STRINGS = NO;
				SWIFT_VERSION = 5.0;
				TARGETED_DEVICE_FAMILY = "1,2";
				TEST_HOST = "$(BUILT_PRODUCTS_DIR)/Gogolook.app/Gogolook";
			};
			name = Debug;
		};
		1E73351827CC77DB0063BB13 /* Release */ = {
			isa = XCBuildConfiguration;
			baseConfigurationReference = CAC82B73A748D58B8CE261F3 /* Pods-GogolookTests.release.xcconfig */;
			buildSettings = {
				ALWAYS_EMBED_SWIFT_STANDARD_LIBRARIES = YES;
				BUNDLE_LOADER = "$(TEST_HOST)";
				CODE_SIGN_STYLE = Automatic;
				CURRENT_PROJECT_VERSION = 1;
				DEVELOPMENT_TEAM = 3QY7ABBTPS;
				GENERATE_INFOPLIST_FILE = YES;
				IPHONEOS_DEPLOYMENT_TARGET = 15.2;
				MARKETING_VERSION = 1.0;
				PRODUCT_BUNDLE_IDENTIFIER = com.weixinke.GogolookTestTests;
				PRODUCT_NAME = "$(TARGET_NAME)";
				SWIFT_EMIT_LOC_STRINGS = NO;
				SWIFT_VERSION = 5.0;
				TARGETED_DEVICE_FAMILY = "1,2";
				TEST_HOST = "$(BUILT_PRODUCTS_DIR)/Gogolook.app/Gogolook";
			};
			name = Release;
		};
		1E73351A27CC77DB0063BB13 /* Debug */ = {
			isa = XCBuildConfiguration;
			baseConfigurationReference = 3C641C03928D74486843EC82 /* Pods-Gogolook-GogolookUITests.debug.xcconfig */;
			buildSettings = {
				ALWAYS_EMBED_SWIFT_STANDARD_LIBRARIES = YES;
				CODE_SIGN_STYLE = Automatic;
				CURRENT_PROJECT_VERSION = 1;
				DEVELOPMENT_TEAM = 3QY7ABBTPS;
				GENERATE_INFOPLIST_FILE = YES;
				MARKETING_VERSION = 1.0;
				PRODUCT_BUNDLE_IDENTIFIER = com.weixinke.GogolookTestUITests;
				PRODUCT_NAME = "$(TARGET_NAME)";
				SWIFT_EMIT_LOC_STRINGS = NO;
				SWIFT_VERSION = 5.0;
				TARGETED_DEVICE_FAMILY = "1,2";
				TEST_TARGET_NAME = GogolookTest;
			};
			name = Debug;
		};
		1E73351B27CC77DB0063BB13 /* Release */ = {
			isa = XCBuildConfiguration;
			baseConfigurationReference = 43F9FDE04A013D1797BF4F3E /* Pods-Gogolook-GogolookUITests.release.xcconfig */;
			buildSettings = {
				ALWAYS_EMBED_SWIFT_STANDARD_LIBRARIES = YES;
				CODE_SIGN_STYLE = Automatic;
				CURRENT_PROJECT_VERSION = 1;
				DEVELOPMENT_TEAM = 3QY7ABBTPS;
				GENERATE_INFOPLIST_FILE = YES;
				MARKETING_VERSION = 1.0;
				PRODUCT_BUNDLE_IDENTIFIER = com.weixinke.GogolookTestUITests;
				PRODUCT_NAME = "$(TARGET_NAME)";
				SWIFT_EMIT_LOC_STRINGS = NO;
				SWIFT_VERSION = 5.0;
				TARGETED_DEVICE_FAMILY = "1,2";
				TEST_TARGET_NAME = GogolookTest;
			};
			name = Release;
		};
/* End XCBuildConfiguration section */

/* Begin XCConfigurationList section */
		1E7334E427CC77D90063BB13 /* Build configuration list for PBXProject "Gogolook" */ = {
			isa = XCConfigurationList;
			buildConfigurations = (
				1E73351127CC77DB0063BB13 /* Debug */,
				1E73351227CC77DB0063BB13 /* Release */,
			);
			defaultConfigurationIsVisible = 0;
			defaultConfigurationName = Release;
		};
		1E73351327CC77DB0063BB13 /* Build configuration list for PBXNativeTarget "Gogolook" */ = {
			isa = XCConfigurationList;
			buildConfigurations = (
				1E73351427CC77DB0063BB13 /* Debug */,
				1E73351527CC77DB0063BB13 /* Release */,
			);
			defaultConfigurationIsVisible = 0;
			defaultConfigurationName = Release;
		};
		1E73351627CC77DB0063BB13 /* Build configuration list for PBXNativeTarget "GogolookTests" */ = {
			isa = XCConfigurationList;
			buildConfigurations = (
				1E73351727CC77DB0063BB13 /* Debug */,
				1E73351827CC77DB0063BB13 /* Release */,
			);
			defaultConfigurationIsVisible = 0;
			defaultConfigurationName = Release;
		};
		1E73351927CC77DB0063BB13 /* Build configuration list for PBXNativeTarget "GogolookUITests" */ = {
			isa = XCConfigurationList;
			buildConfigurations = (
				1E73351A27CC77DB0063BB13 /* Debug */,
				1E73351B27CC77DB0063BB13 /* Release */,
			);
			defaultConfigurationIsVisible = 0;
			defaultConfigurationName = Release;
		};
/* End XCConfigurationList section */
	};
	rootObject = 1E7334E127CC77D90063BB13 /* Project object */;
}
