// !$*UTF8*$!
{
	archiveVersion = 1;
	classes = {
	};
	objectVersion = 55;
	objects = {

/* Begin PBXBuildFile section */
		1E7334ED27CC77D90063BB13 /* AppDelegate.swift in Sources */ = {isa = PBXBuildFile; fileRef = 1E7334EC27CC77D90063BB13 /* AppDelegate.swift */; };
		1E7334EF27CC77D90063BB13 /* SceneDelegate.swift in Sources */ = {isa = PBXBuildFile; fileRef = 1E7334EE27CC77D90063BB13 /* SceneDelegate.swift */; };
		1E7334F127CC77D90063BB13 /* ViewController.swift in Sources */ = {isa = PBXBuildFile; fileRef = 1E7334F027CC77D90063BB13 /* ViewController.swift */; };
		1E7334F427CC77D90063BB13 /* Main.storyboard in Resources */ = {isa = PBXBuildFile; fileRef = 1E7334F227CC77D90063BB13 /* Main.storyboard */; };
		1E7334F627CC77DA0063BB13 /* Assets.xcassets in Resources */ = {isa = PBXBuildFile; fileRef = 1E7334F527CC77DA0063BB13 /* Assets.xcassets */; };
		1E7334F927CC77DA0063BB13 /* LaunchScreen.storyboard in Resources */ = {isa = PBXBuildFile; fileRef = 1E7334F727CC77DA0063BB13 /* LaunchScreen.storyboard */; };
		1E73350427CC77DB0063BB13 /* GogolookTestTests.swift in Sources */ = {isa = PBXBuildFile; fileRef = 1E73350327CC77DB0063BB13 /* GogolookTestTests.swift */; };
		1E73350E27CC77DB0063BB13 /* GogolookTestUITests.swift in Sources */ = {isa = PBXBuildFile; fileRef = 1E73350D27CC77DB0063BB13 /* GogolookTestUITests.swift */; };
		1E73351027CC77DB0063BB13 /* GogolookTestUITestsLaunchTests.swift in Sources */ = {isa = PBXBuildFile; fileRef = 1E73350F27CC77DB0063BB13 /* GogolookTestUITestsLaunchTests.swift */; };
/* End PBXBuildFile section */

/* Begin PBXContainerItemProxy section */
		1E73350027CC77DB0063BB13 /* PBXContainerItemProxy */ = {
			isa = PBXContainerItemProxy;
			containerPortal = 1E7334E127CC77D90063BB13 /* Project object */;
			proxyType = 1;
			remoteGlobalIDString = 1E7334E827CC77D90063BB13;
			remoteInfo = GogolookTest;
		};
		1E73350A27CC77DB0063BB13 /* PBXContainerItemProxy */ = {
			isa = PBXContainerItemProxy;
			containerPortal = 1E7334E127CC77D90063BB13 /* Project object */;
			proxyType = 1;
			remoteGlobalIDString = 1E7334E827CC77D90063BB13;
			remoteInfo = GogolookTest;
		};
/* End PBXContainerItemProxy section */

/* Begin PBXFileReference section */
		1E7334E927CC77D90063BB13 /* GogolookTest.app */ = {isa = PBXFileReference; explicitFileType = wrapper.application; includeInIndex = 0; path = GogolookTest.app; sourceTree = BUILT_PRODUCTS_DIR; };
		1E7334EC27CC77D90063BB13 /* AppDelegate.swift */ = {isa = PBXFileReference; lastKnownFileType = sourcecode.swift; path = AppDelegate.swift; sourceTree = "<group>"; };
		1E7334EE27CC77D90063BB13 /* SceneDelegate.swift */ = {isa = PBXFileReference; lastKnownFileType = sourcecode.swift; path = SceneDelegate.swift; sourceTree = "<group>"; };
		1E7334F027CC77D90063BB13 /* ViewController.swift */ = {isa = PBXFileReference; lastKnownFileType = sourcecode.swift; path = ViewController.swift; sourceTree = "<group>"; };
		1E7334F327CC77D90063BB13 /* Base */ = {isa = PBXFileReference; lastKnownFileType = file.storyboard; name = Base; path = Base.lproj/Main.storyboard; sourceTree = "<group>"; };
		1E7334F527CC77DA0063BB13 /* Assets.xcassets */ = {isa = PBXFileReference; lastKnownFileType = folder.assetcatalog; path = Assets.xcassets; sourceTree = "<group>"; };
		1E7334F827CC77DA0063BB13 /* Base */ = {isa = PBXFileReference; lastKnownFileType = file.storyboard; name = Base; path = Base.lproj/LaunchScreen.storyboard; sourceTree = "<group>"; };
		1E7334FA27CC77DB0063BB13 /* Info.plist */ = {isa = PBXFileReference; lastKnownFileType = text.plist.xml; path = Info.plist; sourceTree = "<group>"; };
		1E7334FF27CC77DB0063BB13 /* GogolookTestTests.xctest */ = {isa = PBXFileReference; explicitFileType = wrapper.cfbundle; includeInIndex = 0; path = GogolookTestTests.xctest; sourceTree = BUILT_PRODUCTS_DIR; };
		1E73350327CC77DB0063BB13 /* GogolookTestTests.swift */ = {isa = PBXFileReference; lastKnownFileType = sourcecode.swift; path = GogolookTestTests.swift; sourceTree = "<group>"; };
		1E73350927CC77DB0063BB13 /* GogolookTestUITests.xctest */ = {isa = PBXFileReference; explicitFileType = wrapper.cfbundle; includeInIndex = 0; path = GogolookTestUITests.xctest; sourceTree = BUILT_PRODUCTS_DIR; };
		1E73350D27CC77DB0063BB13 /* GogolookTestUITests.swift */ = {isa = PBXFileReference; lastKnownFileType = sourcecode.swift; path = GogolookTestUITests.swift; sourceTree = "<group>"; };
		1E73350F27CC77DB0063BB13 /* GogolookTestUITestsLaunchTests.swift */ = {isa = PBXFileReference; lastKnownFileType = sourcecode.swift; path = GogolookTestUITestsLaunchTests.swift; sourceTree = "<group>"; };
/* End PBXFileReference section */

/* Begin PBXFrameworksBuildPhase section */
		1E7334E627CC77D90063BB13 /* Frameworks */ = {
			isa = PBXFrameworksBuildPhase;
			buildActionMask = 2147483647;
			files = (
			);
			runOnlyForDeploymentPostprocessing = 0;
		};
		1E7334FC27CC77DB0063BB13 /* Frameworks */ = {
			isa = PBXFrameworksBuildPhase;
			buildActionMask = 2147483647;
			files = (
			);
			runOnlyForDeploymentPostprocessing = 0;
		};
		1E73350627CC77DB0063BB13 /* Frameworks */ = {
			isa = PBXFrameworksBuildPhase;
			buildActionMask = 2147483647;
			files = (
			);
			runOnlyForDeploymentPostprocessing = 0;
		};
/* End PBXFrameworksBuildPhase section */

/* Begin PBXGroup section */
		1E7334E027CC77D90063BB13 = {
			isa = PBXGroup;
			children = (
				1E7334EB27CC77D90063BB13 /* GogolookTest */,
				1E73350227CC77DB0063BB13 /* GogolookTestTests */,
				1E73350C27CC77DB0063BB13 /* GogolookTestUITests */,
				1E7334EA27CC77D90063BB13 /* Products */,
			);
			sourceTree = "<group>";
		};
		1E7334EA27CC77D90063BB13 /* Products */ = {
			isa = PBXGroup;
			children = (
				1E7334E927CC77D90063BB13 /* GogolookTest.app */,
				1E7334FF27CC77DB0063BB13 /* GogolookTestTests.xctest */,
				1E73350927CC77DB0063BB13 /* GogolookTestUITests.xctest */,
			);
			name = Products;
			sourceTree = "<group>";
		};
		1E7334EB27CC77D90063BB13 /* GogolookTest */ = {
			isa = PBXGroup;
			children = (
				1E7334EC27CC77D90063BB13 /* AppDelegate.swift */,
				1E7334EE27CC77D90063BB13 /* SceneDelegate.swift */,
				1E7334F027CC77D90063BB13 /* ViewController.swift */,
				1E7334F227CC77D90063BB13 /* Main.storyboard */,
				1E7334F527CC77DA0063BB13 /* Assets.xcassets */,
				1E7334F727CC77DA0063BB13 /* LaunchScreen.storyboard */,
				1E7334FA27CC77DB0063BB13 /* Info.plist */,
			);
			path = GogolookTest;
			sourceTree = "<group>";
		};
		1E73350227CC77DB0063BB13 /* GogolookTestTests */ = {
			isa = PBXGroup;
			children = (
				1E73350327CC77DB0063BB13 /* GogolookTestTests.swift */,
			);
			path = GogolookTestTests;
			sourceTree = "<group>";
		};
		1E73350C27CC77DB0063BB13 /* GogolookTestUITests */ = {
			isa = PBXGroup;
			children = (
				1E73350D27CC77DB0063BB13 /* GogolookTestUITests.swift */,
				1E73350F27CC77DB0063BB13 /* GogolookTestUITestsLaunchTests.swift */,
			);
			path = GogolookTestUITests;
			sourceTree = "<group>";
		};
/* End PBXGroup section */

/* Begin PBXNativeTarget section */
		1E7334E827CC77D90063BB13 /* GogolookTest */ = {
			isa = PBXNativeTarget;
			buildConfigurationList = 1E73351327CC77DB0063BB13 /* Build configuration list for PBXNativeTarget "GogolookTest" */;
			buildPhases = (
				1E7334E527CC77D90063BB13 /* Sources */,
				1E7334E627CC77D90063BB13 /* Frameworks */,
				1E7334E727CC77D90063BB13 /* Resources */,
			);
			buildRules = (
			);
			dependencies = (
			);
			name = GogolookTest;
			productName = GogolookTest;
			productReference = 1E7334E927CC77D90063BB13 /* GogolookTest.app */;
			productType = "com.apple.product-type.application";
		};
		1E7334FE27CC77DB0063BB13 /* GogolookTestTests */ = {
			isa = PBXNativeTarget;
			buildConfigurationList = 1E73351627CC77DB0063BB13 /* Build configuration list for PBXNativeTarget "GogolookTestTests" */;
			buildPhases = (
				1E7334FB27CC77DB0063BB13 /* Sources */,
				1E7334FC27CC77DB0063BB13 /* Frameworks */,
				1E7334FD27CC77DB0063BB13 /* Resources */,
			);
			buildRules = (
			);
			dependencies = (
				1E73350127CC77DB0063BB13 /* PBXTargetDependency */,
			);
			name = GogolookTestTests;
			productName = GogolookTestTests;
			productReference = 1E7334FF27CC77DB0063BB13 /* GogolookTestTests.xctest */;
			productType = "com.apple.product-type.bundle.unit-test";
		};
		1E73350827CC77DB0063BB13 /* GogolookTestUITests */ = {
			isa = PBXNativeTarget;
			buildConfigurationList = 1E73351927CC77DB0063BB13 /* Build configuration list for PBXNativeTarget "GogolookTestUITests" */;
			buildPhases = (
				1E73350527CC77DB0063BB13 /* Sources */,
				1E73350627CC77DB0063BB13 /* Frameworks */,
				1E73350727CC77DB0063BB13 /* Resources */,
			);
			buildRules = (
			);
			dependencies = (
				1E73350B27CC77DB0063BB13 /* PBXTargetDependency */,
			);
			name = GogolookTestUITests;
			productName = GogolookTestUITests;
			productReference = 1E73350927CC77DB0063BB13 /* GogolookTestUITests.xctest */;
			productType = "com.apple.product-type.bundle.ui-testing";
		};
/* End PBXNativeTarget section */

/* Begin PBXProject section */
		1E7334E127CC77D90063BB13 /* Project object */ = {
			isa = PBXProject;
			attributes = {
				BuildIndependentTargetsInParallel = 1;
				LastSwiftUpdateCheck = 1320;
				LastUpgradeCheck = 1320;
				TargetAttributes = {
					1E7334E827CC77D90063BB13 = {
						CreatedOnToolsVersion = 13.2;
					};
					1E7334FE27CC77DB0063BB13 = {
						CreatedOnToolsVersion = 13.2;
						TestTargetID = 1E7334E827CC77D90063BB13;
					};
					1E73350827CC77DB0063BB13 = {
						CreatedOnToolsVersion = 13.2;
						TestTargetID = 1E7334E827CC77D90063BB13;
					};
				};
			};
			buildConfigurationList = 1E7334E427CC77D90063BB13 /* Build configuration list for PBXProject "GogolookTest" */;
			compatibilityVersion = "Xcode 13.0";
			developmentRegion = en;
			hasScannedForEncodings = 0;
			knownRegions = (
				en,
				Base,
			);
			mainGroup = 1E7334E027CC77D90063BB13;
			productRefGroup = 1E7334EA27CC77D90063BB13 /* Products */;
			projectDirPath = "";
			projectRoot = "";
			targets = (
				1E7334E827CC77D90063BB13 /* GogolookTest */,
				1E7334FE27CC77DB0063BB13 /* GogolookTestTests */,
				1E73350827CC77DB0063BB13 /* GogolookTestUITests */,
			);
		};
/* End PBXProject section */

/* Begin PBXResourcesBuildPhase section */
		1E7334E727CC77D90063BB13 /* Resources */ = {
			isa = PBXResourcesBuildPhase;
			buildActionMask = 2147483647;
			files = (
				1E7334F927CC77DA0063BB13 /* LaunchScreen.storyboard in Resources */,
				1E7334F627CC77DA0063BB13 /* Assets.xcassets in Resources */,
				1E7334F427CC77D90063BB13 /* Main.storyboard in Resources */,
			);
			runOnlyForDeploymentPostprocessing = 0;
		};
		1E7334FD27CC77DB0063BB13 /* Resources */ = {
			isa = PBXResourcesBuildPhase;
			buildActionMask = 2147483647;
			files = (
			);
			runOnlyForDeploymentPostprocessing = 0;
		};
		1E73350727CC77DB0063BB13 /* Resources */ = {
			isa = PBXResourcesBuildPhase;
			buildActionMask = 2147483647;
			files = (
			);
			runOnlyForDeploymentPostprocessing = 0;
		};
/* End PBXResourcesBuildPhase section */

/* Begin PBXSourcesBuildPhase section */
		1E7334E527CC77D90063BB13 /* Sources */ = {
			isa = PBXSourcesBuildPhase;
			buildActionMask = 2147483647;
			files = (
				1E7334F127CC77D90063BB13 /* ViewController.swift in Sources */,
				1E7334ED27CC77D90063BB13 /* AppDelegate.swift in Sources */,
				1E7334EF27CC77D90063BB13 /* SceneDelegate.swift in Sources */,
			);
			runOnlyForDeploymentPostprocessing = 0;
		};
		1E7334FB27CC77DB0063BB13 /* Sources */ = {
			isa = PBXSourcesBuildPhase;
			buildActionMask = 2147483647;
			files = (
				1E73350427CC77DB0063BB13 /* GogolookTestTests.swift in Sources */,
			);
			runOnlyForDeploymentPostprocessing = 0;
		};
		1E73350527CC77DB0063BB13 /* Sources */ = {
			isa = PBXSourcesBuildPhase;
			buildActionMask = 2147483647;
			files = (
				1E73350E27CC77DB0063BB13 /* GogolookTestUITests.swift in Sources */,
				1E73351027CC77DB0063BB13 /* GogolookTestUITestsLaunchTests.swift in Sources */,
			);
			runOnlyForDeploymentPostprocessing = 0;
		};
/* End PBXSourcesBuildPhase section */

/* Begin PBXTargetDependency section */
		1E73350127CC77DB0063BB13 /* PBXTargetDependency */ = {
			isa = PBXTargetDependency;
			target = 1E7334E827CC77D90063BB13 /* GogolookTest */;
			targetProxy = 1E73350027CC77DB0063BB13 /* PBXContainerItemProxy */;
		};
		1E73350B27CC77DB0063BB13 /* PBXTargetDependency */ = {
			isa = PBXTargetDependency;
			target = 1E7334E827CC77D90063BB13 /* GogolookTest */;
			targetProxy = 1E73350A27CC77DB0063BB13 /* PBXContainerItemProxy */;
		};
/* End PBXTargetDependency section */

/* Begin PBXVariantGroup section */
		1E7334F227CC77D90063BB13 /* Main.storyboard */ = {
			isa = PBXVariantGroup;
			children = (
				1E7334F327CC77D90063BB13 /* Base */,
			);
			name = Main.storyboard;
			sourceTree = "<group>";
		};
		1E7334F727CC77DA0063BB13 /* LaunchScreen.storyboard */ = {
			isa = PBXVariantGroup;
			children = (
				1E7334F827CC77DA0063BB13 /* Base */,
			);
			name = LaunchScreen.storyboard;
			sourceTree = "<group>";
		};
/* End PBXVariantGroup section */

/* Begin XCBuildConfiguration section */
		1E73351127CC77DB0063BB13 /* Debug */ = {
			isa = XCBuildConfiguration;
			buildSettings = {
				ALWAYS_SEARCH_USER_PATHS = NO;
				CLANG_ANALYZER_NONNULL = YES;
				CLANG_ANALYZER_NUMBER_OBJECT_CONVERSION = YES_AGGRESSIVE;
				CLANG_CXX_LANGUAGE_STANDARD = "gnu++17";
				CLANG_CXX_LIBRARY = "libc++";
				CLANG_ENABLE_MODULES = YES;
				CLANG_ENABLE_OBJC_ARC = YES;
				CLANG_ENABLE_OBJC_WEAK = YES;
				CLANG_WARN_BLOCK_CAPTURE_AUTORELEASING = YES;
				CLANG_WARN_BOOL_CONVERSION = YES;
				CLANG_WARN_COMMA = YES;
				CLANG_WARN_CONSTANT_CONVERSION = YES;
				CLANG_WARN_DEPRECATED_OBJC_IMPLEMENTATIONS = YES;
				CLANG_WARN_DIRECT_OBJC_ISA_USAGE = YES_ERROR;
				CLANG_WARN_DOCUMENTATION_COMMENTS = YES;
				CLANG_WARN_EMPTY_BODY = YES;
				CLANG_WARN_ENUM_CONVERSION = YES;
				CLANG_WARN_INFINITE_RECURSION = YES;
				CLANG_WARN_INT_CONVERSION = YES;
				CLANG_WARN_NON_LITERAL_NULL_CONVERSION = YES;
				CLANG_WARN_OBJC_IMPLICIT_RETAIN_SELF = YES;
				CLANG_WARN_OBJC_LITERAL_CONVERSION = YES;
				CLANG_WARN_OBJC_ROOT_CLASS = YES_ERROR;
				CLANG_WARN_QUOTED_INCLUDE_IN_FRAMEWORK_HEADER = YES;
				CLANG_WARN_RANGE_LOOP_ANALYSIS = YES;
				CLANG_WARN_STRICT_PROTOTYPES = YES;
				CLANG_WARN_SUSPICIOUS_MOVE = YES;
				CLANG_WARN_UNGUARDED_AVAILABILITY = YES_AGGRESSIVE;
				CLANG_WARN_UNREACHABLE_CODE = YES;
				CLANG_WARN__DUPLICATE_METHOD_MATCH = YES;
				COPY_PHASE_STRIP = NO;
				DEBUG_INFORMATION_FORMAT = dwarf;
				ENABLE_STRICT_OBJC_MSGSEND = YES;
				ENABLE_TESTABILITY = YES;
				GCC_C_LANGUAGE_STANDARD = gnu11;
				GCC_DYNAMIC_NO_PIC = NO;
				GCC_NO_COMMON_BLOCKS = YES;
				GCC_OPTIMIZATION_LEVEL = 0;
				GCC_PREPROCESSOR_DEFINITIONS = (
					"DEBUG=1",
					"$(inherited)",
				);
				GCC_WARN_64_TO_32_BIT_CONVERSION = YES;
				GCC_WARN_ABOUT_RETURN_TYPE = YES_ERROR;
				GCC_WARN_UNDECLARED_SELECTOR = YES;
				GCC_WARN_UNINITIALIZED_AUTOS = YES_AGGRESSIVE;
				GCC_WARN_UNUSED_FUNCTION = YES;
				GCC_WARN_UNUSED_VARIABLE = YES;
				IPHONEOS_DEPLOYMENT_TARGET = 15.2;
				MTL_ENABLE_DEBUG_INFO = INCLUDE_SOURCE;
				MTL_FAST_MATH = YES;
				ONLY_ACTIVE_ARCH = YES;
				SDKROOT = iphoneos;
				SWIFT_ACTIVE_COMPILATION_CONDITIONS = DEBUG;
				SWIFT_OPTIMIZATION_LEVEL = "-Onone";
			};
			name = Debug;
		};
		1E73351227CC77DB0063BB13 /* Release */ = {
			isa = XCBuildConfiguration;
			buildSettings = {
				ALWAYS_SEARCH_USER_PATHS = NO;
				CLANG_ANALYZER_NONNULL = YES;
				CLANG_ANALYZER_NUMBER_OBJECT_CONVERSION = YES_AGGRESSIVE;
				CLANG_CXX_LANGUAGE_STANDARD = "gnu++17";
				CLANG_CXX_LIBRARY = "libc++";
				CLANG_ENABLE_MODULES = YES;
				CLANG_ENABLE_OBJC_ARC = YES;
				CLANG_ENABLE_OBJC_WEAK = YES;
				CLANG_WARN_BLOCK_CAPTURE_AUTORELEASING = YES;
				CLANG_WARN_BOOL_CONVERSION = YES;
				CLANG_WARN_COMMA = YES;
				CLANG_WARN_CONSTANT_CONVERSION = YES;
				CLANG_WARN_DEPRECATED_OBJC_IMPLEMENTATIONS = YES;
				CLANG_WARN_DIRECT_OBJC_ISA_USAGE = YES_ERROR;
				CLANG_WARN_DOCUMENTATION_COMMENTS = YES;
				CLANG_WARN_EMPTY_BODY = YES;
				CLANG_WARN_ENUM_CONVERSION = YES;
				CLANG_WARN_INFINITE_RECURSION = YES;
				CLANG_WARN_INT_CONVERSION = YES;
				CLANG_WARN_NON_LITERAL_NULL_CONVERSION = YES;
				CLANG_WARN_OBJC_IMPLICIT_RETAIN_SELF = YES;
				CLANG_WARN_OBJC_LITERAL_CONVERSION = YES;
				CLANG_WARN_OBJC_ROOT_CLASS = YES_ERROR;
				CLANG_WARN_QUOTED_INCLUDE_IN_FRAMEWORK_HEADER = YES;
				CLANG_WARN_RANGE_LOOP_ANALYSIS = YES;
				CLANG_WARN_STRICT_PROTOTYPES = YES;
				CLANG_WARN_SUSPICIOUS_MOVE = YES;
				CLANG_WARN_UNGUARDED_AVAILABILITY = YES_AGGRESSIVE;
				CLANG_WARN_UNREACHABLE_CODE = YES;
				CLANG_WARN__DUPLICATE_METHOD_MATCH = YES;
				COPY_PHASE_STRIP = NO;
				DEBUG_INFORMATION_FORMAT = "dwarf-with-dsym";
				ENABLE_NS_ASSERTIONS = NO;
				ENABLE_STRICT_OBJC_MSGSEND = YES;
				GCC_C_LANGUAGE_STANDARD = gnu11;
				GCC_NO_COMMON_BLOCKS = YES;
				GCC_WARN_64_TO_32_BIT_CONVERSION = YES;
				GCC_WARN_ABOUT_RETURN_TYPE = YES_ERROR;
				GCC_WARN_UNDECLARED_SELECTOR = YES;
				GCC_WARN_UNINITIALIZED_AUTOS = YES_AGGRESSIVE;
				GCC_WARN_UNUSED_FUNCTION = YES;
				GCC_WARN_UNUSED_VARIABLE = YES;
				IPHONEOS_DEPLOYMENT_TARGET = 15.2;
				MTL_ENABLE_DEBUG_INFO = NO;
				MTL_FAST_MATH = YES;
				SDKROOT = iphoneos;
				SWIFT_COMPILATION_MODE = wholemodule;
				SWIFT_OPTIMIZATION_LEVEL = "-O";
				VALIDATE_PRODUCT = YES;
			};
			name = Release;
		};
		1E73351427CC77DB0063BB13 /* Debug */ = {
			isa = XCBuildConfiguration;
			buildSettings = {
				ASSETCATALOG_COMPILER_APPICON_NAME = AppIcon;
				ASSETCATALOG_COMPILER_GLOBAL_ACCENT_COLOR_NAME = AccentColor;
				CODE_SIGN_STYLE = Automatic;
				CURRENT_PROJECT_VERSION = 1;
				DEVELOPMENT_TEAM = 3QY7ABBTPS;
				GENERATE_INFOPLIST_FILE = YES;
				INFOPLIST_FILE = GogolookTest/Info.plist;
				INFOPLIST_KEY_UIApplicationSupportsIndirectInputEvents = YES;
				INFOPLIST_KEY_UILaunchStoryboardName = LaunchScreen;
				INFOPLIST_KEY_UIMainStoryboardFile = Main;
				INFOPLIST_KEY_UISupportedInterfaceOrientations_iPad = "UIInterfaceOrientationPortrait UIInterfaceOrientationPortraitUpsideDown UIInterfaceOrientationLandscapeLeft UIInterfaceOrientationLandscapeRight";
				INFOPLIST_KEY_UISupportedInterfaceOrientations_iPhone = "UIInterfaceOrientationPortrait UIInterfaceOrientationLandscapeLeft UIInterfaceOrientationLandscapeRight";
				LD_RUNPATH_SEARCH_PATHS = (
					"$(inherited)",
					"@executable_path/Frameworks",
				);
				MARKETING_VERSION = 1.0;
				PRODUCT_BUNDLE_IDENTIFIER = com.weixinke.GogolookTest;
				PRODUCT_NAME = "$(TARGET_NAME)";
				SWIFT_EMIT_LOC_STRINGS = YES;
				SWIFT_VERSION = 5.0;
				TARGETED_DEVICE_FAMILY = "1,2";
			};
			name = Debug;
		};
		1E73351527CC77DB0063BB13 /* Release */ = {
			isa = XCBuildConfiguration;
			buildSettings = {
				ASSETCATALOG_COMPILER_APPICON_NAME = AppIcon;
				ASSETCATALOG_COMPILER_GLOBAL_ACCENT_COLOR_NAME = AccentColor;
				CODE_SIGN_STYLE = Automatic;
				CURRENT_PROJECT_VERSION = 1;
				DEVELOPMENT_TEAM = 3QY7ABBTPS;
				GENERATE_INFOPLIST_FILE = YES;
				INFOPLIST_FILE = GogolookTest/Info.plist;
				INFOPLIST_KEY_UIApplicationSupportsIndirectInputEvents = YES;
				INFOPLIST_KEY_UILaunchStoryboardName = LaunchScreen;
				INFOPLIST_KEY_UIMainStoryboardFile = Main;
				INFOPLIST_KEY_UISupportedInterfaceOrientations_iPad = "UIInterfaceOrientationPortrait UIInterfaceOrientationPortraitUpsideDown UIInterfaceOrientationLandscapeLeft UIInterfaceOrientationLandscapeRight";
				INFOPLIST_KEY_UISupportedInterfaceOrientations_iPhone = "UIInterfaceOrientationPortrait UIInterfaceOrientationLandscapeLeft UIInterfaceOrientationLandscapeRight";
				LD_RUNPATH_SEARCH_PATHS = (
					"$(inherited)",
					"@executable_path/Frameworks",
				);
				MARKETING_VERSION = 1.0;
				PRODUCT_BUNDLE_IDENTIFIER = com.weixinke.GogolookTest;
				PRODUCT_NAME = "$(TARGET_NAME)";
				SWIFT_EMIT_LOC_STRINGS = YES;
				SWIFT_VERSION = 5.0;
				TARGETED_DEVICE_FAMILY = "1,2";
			};
			name = Release;
		};
		1E73351727CC77DB0063BB13 /* Debug */ = {
			isa = XCBuildConfiguration;
			buildSettings = {
				ALWAYS_EMBED_SWIFT_STANDARD_LIBRARIES = YES;
				BUNDLE_LOADER = "$(TEST_HOST)";
				CODE_SIGN_STYLE = Automatic;
				CURRENT_PROJECT_VERSION = 1;
				DEVELOPMENT_TEAM = 3QY7ABBTPS;
				GENERATE_INFOPLIST_FILE = YES;
				IPHONEOS_DEPLOYMENT_TARGET = 15.2;
				MARKETING_VERSION = 1.0;
				PRODUCT_BUNDLE_IDENTIFIER = com.weixinke.GogolookTestTests;
				PRODUCT_NAME = "$(TARGET_NAME)";
				SWIFT_EMIT_LOC_STRINGS = NO;
				SWIFT_VERSION = 5.0;
				TARGETED_DEVICE_FAMILY = "1,2";
				TEST_HOST = "$(BUILT_PRODUCTS_DIR)/GogolookTest.app/GogolookTest";
			};
			name = Debug;
		};
		1E73351827CC77DB0063BB13 /* Release */ = {
			isa = XCBuildConfiguration;
			buildSettings = {
				ALWAYS_EMBED_SWIFT_STANDARD_LIBRARIES = YES;
				BUNDLE_LOADER = "$(TEST_HOST)";
				CODE_SIGN_STYLE = Automatic;
				CURRENT_PROJECT_VERSION = 1;
				DEVELOPMENT_TEAM = 3QY7ABBTPS;
				GENERATE_INFOPLIST_FILE = YES;
				IPHONEOS_DEPLOYMENT_TARGET = 15.2;
				MARKETING_VERSION = 1.0;
				PRODUCT_BUNDLE_IDENTIFIER = com.weixinke.GogolookTestTests;
				PRODUCT_NAME = "$(TARGET_NAME)";
				SWIFT_EMIT_LOC_STRINGS = NO;
				SWIFT_VERSION = 5.0;
				TARGETED_DEVICE_FAMILY = "1,2";
				TEST_HOST = "$(BUILT_PRODUCTS_DIR)/GogolookTest.app/GogolookTest";
			};
			name = Release;
		};
		1E73351A27CC77DB0063BB13 /* Debug */ = {
			isa = XCBuildConfiguration;
			buildSettings = {
				ALWAYS_EMBED_SWIFT_STANDARD_LIBRARIES = YES;
				CODE_SIGN_STYLE = Automatic;
				CURRENT_PROJECT_VERSION = 1;
				DEVELOPMENT_TEAM = 3QY7ABBTPS;
				GENERATE_INFOPLIST_FILE = YES;
				MARKETING_VERSION = 1.0;
				PRODUCT_BUNDLE_IDENTIFIER = com.weixinke.GogolookTestUITests;
				PRODUCT_NAME = "$(TARGET_NAME)";
				SWIFT_EMIT_LOC_STRINGS = NO;
				SWIFT_VERSION = 5.0;
				TARGETED_DEVICE_FAMILY = "1,2";
				TEST_TARGET_NAME = GogolookTest;
			};
			name = Debug;
		};
		1E73351B27CC77DB0063BB13 /* Release */ = {
			isa = XCBuildConfiguration;
			buildSettings = {
				ALWAYS_EMBED_SWIFT_STANDARD_LIBRARIES = YES;
				CODE_SIGN_STYLE = Automatic;
				CURRENT_PROJECT_VERSION = 1;
				DEVELOPMENT_TEAM = 3QY7ABBTPS;
				GENERATE_INFOPLIST_FILE = YES;
				MARKETING_VERSION = 1.0;
				PRODUCT_BUNDLE_IDENTIFIER = com.weixinke.GogolookTestUITests;
				PRODUCT_NAME = "$(TARGET_NAME)";
				SWIFT_EMIT_LOC_STRINGS = NO;
				SWIFT_VERSION = 5.0;
				TARGETED_DEVICE_FAMILY = "1,2";
				TEST_TARGET_NAME = GogolookTest;
			};
			name = Release;
		};
/* End XCBuildConfiguration section */

/* Begin XCConfigurationList section */
		1E7334E427CC77D90063BB13 /* Build configuration list for PBXProject "GogolookTest" */ = {
			isa = XCConfigurationList;
			buildConfigurations = (
				1E73351127CC77DB0063BB13 /* Debug */,
				1E73351227CC77DB0063BB13 /* Release */,
			);
			defaultConfigurationIsVisible = 0;
			defaultConfigurationName = Release;
		};
		1E73351327CC77DB0063BB13 /* Build configuration list for PBXNativeTarget "GogolookTest" */ = {
			isa = XCConfigurationList;
			buildConfigurations = (
				1E73351427CC77DB0063BB13 /* Debug */,
				1E73351527CC77DB0063BB13 /* Release */,
			);
			defaultConfigurationIsVisible = 0;
			defaultConfigurationName = Release;
		};
		1E73351627CC77DB0063BB13 /* Build configuration list for PBXNativeTarget "GogolookTestTests" */ = {
			isa = XCConfigurationList;
			buildConfigurations = (
				1E73351727CC77DB0063BB13 /* Debug */,
				1E73351827CC77DB0063BB13 /* Release */,
			);
			defaultConfigurationIsVisible = 0;
			defaultConfigurationName = Release;
		};
		1E73351927CC77DB0063BB13 /* Build configuration list for PBXNativeTarget "GogolookTestUITests" */ = {
			isa = XCConfigurationList;
			buildConfigurations = (
				1E73351A27CC77DB0063BB13 /* Debug */,
				1E73351B27CC77DB0063BB13 /* Release */,
			);
			defaultConfigurationIsVisible = 0;
			defaultConfigurationName = Release;
		};
/* End XCConfigurationList section */
	};
	rootObject = 1E7334E127CC77D90063BB13 /* Project object */;
}
